
Microsoft Visual Studio Solution File, Format Version 12.00
# Visual Studio 15
VisualStudioVersion = 15.0.26228.9
MinimumVisualStudioVersion = 10.0.40219.1
Project("{2150E333-8FDC-42A3-9474-1A3956D46DE8}") = "src", "src", "{4BDA9E7E-0039-41F4-8778-B777CECC9D28}"
EndProject
Project("{2150E333-8FDC-42A3-9474-1A3956D46DE8}") = "Solution Items", "Solution Items", "{B8EB634C-5701-440F-A6D2-2AE047287387}"
EndProject
Project("{2150E333-8FDC-42A3-9474-1A3956D46DE8}") = "Tests", "Tests", "{4D336380-5A0F-4FB7-9A9D-543205A8A4C3}"
EndProject
Project("{9A19103F-16F7-4668-BE54-9A1E7A4F7556}") = "KTOP.CLI", "src\KTOP.CLI\KTOP.CLI.csproj", "{A59066B8-CD2D-49A5-9EBF-533EF900CD6F}"
EndProject
Project("{9A19103F-16F7-4668-BE54-9A1E7A4F7556}") = "KTOP.Helper", "src\KTOP.Helper\KTOP.Helper.csproj", "{E9BF49D7-0ACF-4673-A0E5-6B8552F0AE9A}"
EndProject
Project("{9A19103F-16F7-4668-BE54-9A1E7A4F7556}") = "KTOP.Base", "src\KTOP.Base\KTOP.Base.csproj", "{EEF38EC4-32D5-4B78-B404-DFEF5720EC74}"
EndProject
Project("{9A19103F-16F7-4668-BE54-9A1E7A4F7556}") = "KTOP.EBookReader", "src\KTOP.EBookReader\KTOP.EBookReader.csproj", "{F18D4588-EE9B-4010-99D1-AAC7276307E9}"
EndProject
Project("{9A19103F-16F7-4668-BE54-9A1E7A4F7556}") = "ArabicShaping", "src\ArabicShaping\ArabicShaping.csproj", "{F2EFC4C5-6462-42D6-81A3-67BAE453C4CA}"
EndProject
Project("{9A19103F-16F7-4668-BE54-9A1E7A4F7556}") = "KTOP.Tests", "src\Tests\KTOP.Tests\KTOP.Tests.csproj", "{D3255D4E-A3B6-429D-A6EF-C6021E9B0A83}"
EndProject
Project("{9A19103F-16F7-4668-BE54-9A1E7A4F7556}") = "NHazm", "src\NHazm\NHazm.csproj", "{7E0C7387-3731-4676-9CAE-69275DDDDB1B}"
EndProject
Global
	GlobalSection(SolutionConfigurationPlatforms) = preSolution
		Debug|Any CPU = Debug|Any CPU
		Release|Any CPU = Release|Any CPU
	EndGlobalSection
	GlobalSection(ProjectConfigurationPlatforms) = postSolution
		{A59066B8-CD2D-49A5-9EBF-533EF900CD6F}.Debug|Any CPU.ActiveCfg = Debug|Any CPU
		{A59066B8-CD2D-49A5-9EBF-533EF900CD6F}.Debug|Any CPU.Build.0 = Debug|Any CPU
		{A59066B8-CD2D-49A5-9EBF-533EF900CD6F}.Release|Any CPU.ActiveCfg = Release|Any CPU
		{A59066B8-CD2D-49A5-9EBF-533EF900CD6F}.Release|Any CPU.Build.0 = Release|Any CPU
		{E9BF49D7-0ACF-4673-A0E5-6B8552F0AE9A}.Debug|Any CPU.ActiveCfg = Debug|Any CPU
		{E9BF49D7-0ACF-4673-A0E5-6B8552F0AE9A}.Debug|Any CPU.Build.0 = Debug|Any CPU
		{E9BF49D7-0ACF-4673-A0E5-6B8552F0AE9A}.Release|Any CPU.ActiveCfg = Release|Any CPU
		{E9BF49D7-0ACF-4673-A0E5-6B8552F0AE9A}.Release|Any CPU.Build.0 = Release|Any CPU
		{EEF38EC4-32D5-4B78-B404-DFEF5720EC74}.Debug|Any CPU.ActiveCfg = Debug|Any CPU
		{EEF38EC4-32D5-4B78-B404-DFEF5720EC74}.Debug|Any CPU.Build.0 = Debug|Any CPU
		{EEF38EC4-32D5-4B78-B404-DFEF5720EC74}.Release|Any CPU.ActiveCfg = Release|Any CPU
		{EEF38EC4-32D5-4B78-B404-DFEF5720EC74}.Release|Any CPU.Build.0 = Release|Any CPU
		{F18D4588-EE9B-4010-99D1-AAC7276307E9}.Debug|Any CPU.ActiveCfg = Debug|Any CPU
		{F18D4588-EE9B-4010-99D1-AAC7276307E9}.Debug|Any CPU.Build.0 = Debug|Any CPU
		{F18D4588-EE9B-4010-99D1-AAC7276307E9}.Release|Any CPU.ActiveCfg = Release|Any CPU
		{F18D4588-EE9B-4010-99D1-AAC7276307E9}.Release|Any CPU.Build.0 = Release|Any CPU
		{F2EFC4C5-6462-42D6-81A3-67BAE453C4CA}.Debug|Any CPU.ActiveCfg = Debug|Any CPU
		{F2EFC4C5-6462-42D6-81A3-67BAE453C4CA}.Debug|Any CPU.Build.0 = Debug|Any CPU
		{F2EFC4C5-6462-42D6-81A3-67BAE453C4CA}.Release|Any CPU.ActiveCfg = Release|Any CPU
		{F2EFC4C5-6462-42D6-81A3-67BAE453C4CA}.Release|Any CPU.Build.0 = Release|Any CPU
		{D3255D4E-A3B6-429D-A6EF-C6021E9B0A83}.Debug|Any CPU.ActiveCfg = Debug|Any CPU
		{D3255D4E-A3B6-429D-A6EF-C6021E9B0A83}.Debug|Any CPU.Build.0 = Debug|Any CPU
		{D3255D4E-A3B6-429D-A6EF-C6021E9B0A83}.Release|Any CPU.ActiveCfg = Release|Any CPU
		{D3255D4E-A3B6-429D-A6EF-C6021E9B0A83}.Release|Any CPU.Build.0 = Release|Any CPU
		{7E0C7387-3731-4676-9CAE-69275DDDDB1B}.Debug|Any CPU.ActiveCfg = Debug|Any CPU
		{7E0C7387-3731-4676-9CAE-69275DDDDB1B}.Debug|Any CPU.Build.0 = Debug|Any CPU
		{7E0C7387-3731-4676-9CAE-69275DDDDB1B}.Release|Any CPU.ActiveCfg = Release|Any CPU
		{7E0C7387-3731-4676-9CAE-69275DDDDB1B}.Release|Any CPU.Build.0 = Release|Any CPU
	EndGlobalSection
	GlobalSection(SolutionProperties) = preSolution
		HideSolutionNode = FALSE
	EndGlobalSection
	GlobalSection(NestedProjects) = preSolution
		{4D336380-5A0F-4FB7-9A9D-543205A8A4C3} = {4BDA9E7E-0039-41F4-8778-B777CECC9D28}
		{A59066B8-CD2D-49A5-9EBF-533EF900CD6F} = {4BDA9E7E-0039-41F4-8778-B777CECC9D28}
		{E9BF49D7-0ACF-4673-A0E5-6B8552F0AE9A} = {4BDA9E7E-0039-41F4-8778-B777CECC9D28}
		{EEF38EC4-32D5-4B78-B404-DFEF5720EC74} = {4BDA9E7E-0039-41F4-8778-B777CECC9D28}
		{F18D4588-EE9B-4010-99D1-AAC7276307E9} = {4BDA9E7E-0039-41F4-8778-B777CECC9D28}
		{F2EFC4C5-6462-42D6-81A3-67BAE453C4CA} = {4BDA9E7E-0039-41F4-8778-B777CECC9D28}
		{D3255D4E-A3B6-429D-A6EF-C6021E9B0A83} = {4D336380-5A0F-4FB7-9A9D-543205A8A4C3}
		{7E0C7387-3731-4676-9CAE-69275DDDDB1B} = {4BDA9E7E-0039-41F4-8778-B777CECC9D28}
	EndGlobalSection
EndGlobal
